// !$*UTF8*$!
{
	archiveVersion = 1;
	classes = {
	};
	objectVersion = 46;
	objects = {

/* Begin PBXBuildFile section */
		2CD68E2B1B43E37C005B7ADF /* main.m in Sources */ = {isa = PBXBuildFile; fileRef = 2CD68E2A1B43E37C005B7ADF /* main.m */; };
		2CD68E2E1B43E37C005B7ADF /* AppDelegate.m in Sources */ = {isa = PBXBuildFile; fileRef = 2CD68E2D1B43E37C005B7ADF /* AppDelegate.m */; };
		2CD68E311B43E37C005B7ADF /* ViewController.m in Sources */ = {isa = PBXBuildFile; fileRef = 2CD68E301B43E37C005B7ADF /* ViewController.m */; };
		2CD68E341B43E37C005B7ADF /* Main.storyboard in Resources */ = {isa = PBXBuildFile; fileRef = 2CD68E321B43E37C005B7ADF /* Main.storyboard */; };
		2CD68E361B43E37C005B7ADF /* Images.xcassets in Resources */ = {isa = PBXBuildFile; fileRef = 2CD68E351B43E37C005B7ADF /* Images.xcassets */; };
		2CD68E391B43E37C005B7ADF /* LaunchScreen.xib in Resources */ = {isa = PBXBuildFile; fileRef = 2CD68E371B43E37C005B7ADF /* LaunchScreen.xib */; };
		2CD68E451B43E37C005B7ADF /* QR_CodeTests.m in Sources */ = {isa = PBXBuildFile; fileRef = 2CD68E441B43E37C005B7ADF /* QR_CodeTests.m */; };
		2CD68E651B43E38A005B7ADF /* bitstream.c in Sources */ = {isa = PBXBuildFile; fileRef = 2CD68E501B43E38A005B7ADF /* bitstream.c */; };
		2CD68E661B43E38A005B7ADF /* mask.c in Sources */ = {isa = PBXBuildFile; fileRef = 2CD68E531B43E38A005B7ADF /* mask.c */; };
		2CD68E671B43E38A005B7ADF /* mmask.c in Sources */ = {isa = PBXBuildFile; fileRef = 2CD68E551B43E38A005B7ADF /* mmask.c */; };
		2CD68E681B43E38A005B7ADF /* mqrspec.c in Sources */ = {isa = PBXBuildFile; fileRef = 2CD68E571B43E38A005B7ADF /* mqrspec.c */; };
		2CD68E691B43E38A005B7ADF /* qrencode.c in Sources */ = {isa = PBXBuildFile; fileRef = 2CD68E591B43E38A005B7ADF /* qrencode.c */; };
		2CD68E6A1B43E38A005B7ADF /* qrinput.c in Sources */ = {isa = PBXBuildFile; fileRef = 2CD68E5B1B43E38A005B7ADF /* qrinput.c */; };
		2CD68E6B1B43E38A005B7ADF /* qrspec.c in Sources */ = {isa = PBXBuildFile; fileRef = 2CD68E5D1B43E38A005B7ADF /* qrspec.c */; };
		2CD68E6C1B43E38A005B7ADF /* rscode.c in Sources */ = {isa = PBXBuildFile; fileRef = 2CD68E5F1B43E38A005B7ADF /* rscode.c */; };
		2CD68E6D1B43E38A005B7ADF /* split.c in Sources */ = {isa = PBXBuildFile; fileRef = 2CD68E611B43E38A005B7ADF /* split.c */; };
		2CD68E6E1B43E38A005B7ADF /* QRCodeGenerator.m in Sources */ = {isa = PBXBuildFile; fileRef = 2CD68E641B43E38A005B7ADF /* QRCodeGenerator.m */; };
/* End PBXBuildFile section */

/* Begin PBXContainerItemProxy section */
		2CD68E3F1B43E37C005B7ADF /* PBXContainerItemProxy */ = {
			isa = PBXContainerItemProxy;
			containerPortal = 2CD68E1D1B43E37C005B7ADF /* Project object */;
			proxyType = 1;
			remoteGlobalIDString = 2CD68E241B43E37C005B7ADF;
			remoteInfo = "QR Code";
		};
/* End PBXContainerItemProxy section */

/* Begin PBXFileReference section */
		2CD68E251B43E37C005B7ADF /* QR Code.app */ = {isa = PBXFileReference; explicitFileType = wrapper.application; includeInIndex = 0; path = "QR Code.app"; sourceTree = BUILT_PRODUCTS_DIR; };
		2CD68E291B43E37C005B7ADF /* Info.plist */ = {isa = PBXFileReference; lastKnownFileType = text.plist.xml; path = Info.plist; sourceTree = "<group>"; };
		2CD68E2A1B43E37C005B7ADF /* main.m */ = {isa = PBXFileReference; lastKnownFileType = sourcecode.c.objc; path = main.m; sourceTree = "<group>"; };
		2CD68E2C1B43E37C005B7ADF /* AppDelegate.h */ = {isa = PBXFileReference; lastKnownFileType = sourcecode.c.h; path = AppDelegate.h; sourceTree = "<group>"; };
		2CD68E2D1B43E37C005B7ADF /* AppDelegate.m */ = {isa = PBXFileReference; lastKnownFileType = sourcecode.c.objc; path = AppDelegate.m; sourceTree = "<group>"; };
		2CD68E2F1B43E37C005B7ADF /* ViewController.h */ = {isa = PBXFileReference; lastKnownFileType = sourcecode.c.h; path = ViewController.h; sourceTree = "<group>"; };
		2CD68E301B43E37C005B7ADF /* ViewController.m */ = {isa = PBXFileReference; lastKnownFileType = sourcecode.c.objc; path = ViewController.m; sourceTree = "<group>"; };
		2CD68E331B43E37C005B7ADF /* Base */ = {isa = PBXFileReference; lastKnownFileType = file.storyboard; name = Base; path = Base.lproj/Main.storyboard; sourceTree = "<group>"; };
		2CD68E351B43E37C005B7ADF /* Images.xcassets */ = {isa = PBXFileReference; lastKnownFileType = folder.assetcatalog; path = Images.xcassets; sourceTree = "<group>"; };
		2CD68E381B43E37C005B7ADF /* Base */ = {isa = PBXFileReference; lastKnownFileType = file.xib; name = Base; path = Base.lproj/LaunchScreen.xib; sourceTree = "<group>"; };
		2CD68E3E1B43E37C005B7ADF /* QR CodeTests.xctest */ = {isa = PBXFileReference; explicitFileType = wrapper.cfbundle; includeInIndex = 0; path = "QR CodeTests.xctest"; sourceTree = BUILT_PRODUCTS_DIR; };
		2CD68E431B43E37C005B7ADF /* Info.plist */ = {isa = PBXFileReference; lastKnownFileType = text.plist.xml; path = Info.plist; sourceTree = "<group>"; };
		2CD68E441B43E37C005B7ADF /* QR_CodeTests.m */ = {isa = PBXFileReference; lastKnownFileType = sourcecode.c.objc; path = QR_CodeTests.m; sourceTree = "<group>"; };
		2CD68E501B43E38A005B7ADF /* bitstream.c */ = {isa = PBXFileReference; fileEncoding = 4; lastKnownFileType = sourcecode.c.c; path = bitstream.c; sourceTree = "<group>"; };
		2CD68E511B43E38A005B7ADF /* bitstream.h */ = {isa = PBXFileReference; fileEncoding = 4; lastKnownFileType = sourcecode.c.h; path = bitstream.h; sourceTree = "<group>"; };
		2CD68E521B43E38A005B7ADF /* config.h */ = {isa = PBXFileReference; fileEncoding = 4; lastKnownFileType = sourcecode.c.h; path = config.h; sourceTree = "<group>"; };
		2CD68E531B43E38A005B7ADF /* mask.c */ = {isa = PBXFileReference; fileEncoding = 4; lastKnownFileType = sourcecode.c.c; path = mask.c; sourceTree = "<group>"; };
		2CD68E541B43E38A005B7ADF /* mask.h */ = {isa = PBXFileReference; fileEncoding = 4; lastKnownFileType = sourcecode.c.h; path = mask.h; sourceTree = "<group>"; };
		2CD68E551B43E38A005B7ADF /* mmask.c */ = {isa = PBXFileReference; fileEncoding = 4; lastKnownFileType = sourcecode.c.c; path = mmask.c; sourceTree = "<group>"; };
		2CD68E561B43E38A005B7ADF /* mmask.h */ = {isa = PBXFileReference; fileEncoding = 4; lastKnownFileType = sourcecode.c.h; path = mmask.h; sourceTree = "<group>"; };
		2CD68E571B43E38A005B7ADF /* mqrspec.c */ = {isa = PBXFileReference; fileEncoding = 4; lastKnownFileType = sourcecode.c.c; path = mqrspec.c; sourceTree = "<group>"; };
		2CD68E581B43E38A005B7ADF /* mqrspec.h */ = {isa = PBXFileReference; fileEncoding = 4; lastKnownFileType = sourcecode.c.h; path = mqrspec.h; sourceTree = "<group>"; };
		2CD68E591B43E38A005B7ADF /* qrencode.c */ = {isa = PBXFileReference; fileEncoding = 4; lastKnownFileType = sourcecode.c.c; path = qrencode.c; sourceTree = "<group>"; };
		2CD68E5A1B43E38A005B7ADF /* qrencode.h */ = {isa = PBXFileReference; fileEncoding = 4; lastKnownFileType = sourcecode.c.h; path = qrencode.h; sourceTree = "<group>"; };
		2CD68E5B1B43E38A005B7ADF /* qrinput.c */ = {isa = PBXFileReference; fileEncoding = 4; lastKnownFileType = sourcecode.c.c; path = qrinput.c; sourceTree = "<group>"; };
		2CD68E5C1B43E38A005B7ADF /* qrinput.h */ = {isa = PBXFileReference; fileEncoding = 4; lastKnownFileType = sourcecode.c.h; path = qrinput.h; sourceTree = "<group>"; };
		2CD68E5D1B43E38A005B7ADF /* qrspec.c */ = {isa = PBXFileReference; fileEncoding = 4; lastKnownFileType = sourcecode.c.c; path = qrspec.c; sourceTree = "<group>"; };
		2CD68E5E1B43E38A005B7ADF /* qrspec.h */ = {isa = PBXFileReference; fileEncoding = 4; lastKnownFileType = sourcecode.c.h; path = qrspec.h; sourceTree = "<group>"; };
		2CD68E5F1B43E38A005B7ADF /* rscode.c */ = {isa = PBXFileReference; fileEncoding = 4; lastKnownFileType = sourcecode.c.c; path = rscode.c; sourceTree = "<group>"; };
		2CD68E601B43E38A005B7ADF /* rscode.h */ = {isa = PBXFileReference; fileEncoding = 4; lastKnownFileType = sourcecode.c.h; path = rscode.h; sourceTree = "<group>"; };
		2CD68E611B43E38A005B7ADF /* split.c */ = {isa = PBXFileReference; fileEncoding = 4; lastKnownFileType = sourcecode.c.c; path = split.c; sourceTree = "<group>"; };
		2CD68E621B43E38A005B7ADF /* split.h */ = {isa = PBXFileReference; fileEncoding = 4; lastKnownFileType = sourcecode.c.h; path = split.h; sourceTree = "<group>"; };
		2CD68E631B43E38A005B7ADF /* QRCodeGenerator.h */ = {isa = PBXFileReference; fileEncoding = 4; lastKnownFileType = sourcecode.c.h; path = QRCodeGenerator.h; sourceTree = "<group>"; };
		2CD68E641B43E38A005B7ADF /* QRCodeGenerator.m */ = {isa = PBXFileReference; fileEncoding = 4; lastKnownFileType = sourcecode.c.objc; path = QRCodeGenerator.m; sourceTree = "<group>"; };
/* End PBXFileReference section */

/* Begin PBXFrameworksBuildPhase section */
		2CD68E221B43E37C005B7ADF /* Frameworks */ = {
			isa = PBXFrameworksBuildPhase;
			buildActionMask = 2147483647;
			files = (
			);
			runOnlyForDeploymentPostprocessing = 0;
		};
		2CD68E3B1B43E37C005B7ADF /* Frameworks */ = {
			isa = PBXFrameworksBuildPhase;
			buildActionMask = 2147483647;
			files = (
			);
			runOnlyForDeploymentPostprocessing = 0;
		};
/* End PBXFrameworksBuildPhase section */

/* Begin PBXGroup section */
		2CD68E1C1B43E37C005B7ADF = {
			isa = PBXGroup;
			children = (
				2CD68E271B43E37C005B7ADF /* QR Code */,
				2CD68E411B43E37C005B7ADF /* QR CodeTests */,
				2CD68E261B43E37C005B7ADF /* Products */,
			);
			sourceTree = "<group>";
		};
		2CD68E261B43E37C005B7ADF /* Products */ = {
			isa = PBXGroup;
			children = (
				2CD68E251B43E37C005B7ADF /* QR Code.app */,
				2CD68E3E1B43E37C005B7ADF /* QR CodeTests.xctest */,
			);
			name = Products;
			sourceTree = "<group>";
		};
		2CD68E271B43E37C005B7ADF /* QR Code */ = {
			isa = PBXGroup;
			children = (
				2CD68E4E1B43E38A005B7ADF /* QR Code */,
				2CD68E2C1B43E37C005B7ADF /* AppDelegate.h */,
				2CD68E2D1B43E37C005B7ADF /* AppDelegate.m */,
				2CD68E2F1B43E37C005B7ADF /* ViewController.h */,
				2CD68E301B43E37C005B7ADF /* ViewController.m */,
				2CD68E321B43E37C005B7ADF /* Main.storyboard */,
				2CD68E351B43E37C005B7ADF /* Images.xcassets */,
				2CD68E371B43E37C005B7ADF /* LaunchScreen.xib */,
				2CD68E281B43E37C005B7ADF /* Supporting Files */,
			);
			path = "QR Code";
			sourceTree = "<group>";
		};
		2CD68E281B43E37C005B7ADF /* Supporting Files */ = {
			isa = PBXGroup;
			children = (
				2CD68E291B43E37C005B7ADF /* Info.plist */,
				2CD68E2A1B43E37C005B7ADF /* main.m */,
			);
			name = "Supporting Files";
			sourceTree = "<group>";
		};
		2CD68E411B43E37C005B7ADF /* QR CodeTests */ = {
			isa = PBXGroup;
			children = (
				2CD68E441B43E37C005B7ADF /* QR_CodeTests.m */,
				2CD68E421B43E37C005B7ADF /* Supporting Files */,
			);
			path = "QR CodeTests";
			sourceTree = "<group>";
		};
		2CD68E421B43E37C005B7ADF /* Supporting Files */ = {
			isa = PBXGroup;
			children = (
				2CD68E431B43E37C005B7ADF /* Info.plist */,
			);
			name = "Supporting Files";
			sourceTree = "<group>";
		};
		2CD68E4E1B43E38A005B7ADF /* QR Code */ = {
			isa = PBXGroup;
			children = (
				2CD68E4F1B43E38A005B7ADF /* libqrencode */,
				2CD68E631B43E38A005B7ADF /* QRCodeGenerator.h */,
				2CD68E641B43E38A005B7ADF /* QRCodeGenerator.m */,
			);
			path = "QR Code";
			sourceTree = "<group>";
		};
		2CD68E4F1B43E38A005B7ADF /* libqrencode */ = {
			isa = PBXGroup;
			children = (
				2CD68E501B43E38A005B7ADF /* bitstream.c */,
				2CD68E511B43E38A005B7ADF /* bitstream.h */,
				2CD68E521B43E38A005B7ADF /* config.h */,
				2CD68E531B43E38A005B7ADF /* mask.c */,
				2CD68E541B43E38A005B7ADF /* mask.h */,
				2CD68E551B43E38A005B7ADF /* mmask.c */,
				2CD68E561B43E38A005B7ADF /* mmask.h */,
				2CD68E571B43E38A005B7ADF /* mqrspec.c */,
				2CD68E581B43E38A005B7ADF /* mqrspec.h */,
				2CD68E591B43E38A005B7ADF /* qrencode.c */,
				2CD68E5A1B43E38A005B7ADF /* qrencode.h */,
				2CD68E5B1B43E38A005B7ADF /* qrinput.c */,
				2CD68E5C1B43E38A005B7ADF /* qrinput.h */,
				2CD68E5D1B43E38A005B7ADF /* qrspec.c */,
				2CD68E5E1B43E38A005B7ADF /* qrspec.h */,
				2CD68E5F1B43E38A005B7ADF /* rscode.c */,
				2CD68E601B43E38A005B7ADF /* rscode.h */,
				2CD68E611B43E38A005B7ADF /* split.c */,
				2CD68E621B43E38A005B7ADF /* split.h */,
			);
			path = libqrencode;
			sourceTree = "<group>";
		};
/* End PBXGroup section */

/* Begin PBXNativeTarget section */
		2CD68E241B43E37C005B7ADF /* QR Code */ = {
			isa = PBXNativeTarget;
			buildConfigurationList = 2CD68E481B43E37C005B7ADF /* Build configuration list for PBXNativeTarget "QR Code" */;
			buildPhases = (
				2CD68E211B43E37C005B7ADF /* Sources */,
				2CD68E221B43E37C005B7ADF /* Frameworks */,
				2CD68E231B43E37C005B7ADF /* Resources */,
			);
			buildRules = (
			);
			dependencies = (
			);
			name = "QR Code";
			productName = "QR Code";
			productReference = 2CD68E251B43E37C005B7ADF /* QR Code.app */;
			productType = "com.apple.product-type.application";
		};
		2CD68E3D1B43E37C005B7ADF /* QR CodeTests */ = {
			isa = PBXNativeTarget;
			buildConfigurationList = 2CD68E4B1B43E37C005B7ADF /* Build configuration list for PBXNativeTarget "QR CodeTests" */;
			buildPhases = (
				2CD68E3A1B43E37C005B7ADF /* Sources */,
				2CD68E3B1B43E37C005B7ADF /* Frameworks */,
				2CD68E3C1B43E37C005B7ADF /* Resources */,
			);
			buildRules = (
			);
			dependencies = (
				2CD68E401B43E37C005B7ADF /* PBXTargetDependency */,
			);
			name = "QR CodeTests";
			productName = "QR CodeTests";
			productReference = 2CD68E3E1B43E37C005B7ADF /* QR CodeTests.xctest */;
			productType = "com.apple.product-type.bundle.unit-test";
		};
/* End PBXNativeTarget section */

/* Begin PBXProject section */
		2CD68E1D1B43E37C005B7ADF /* Project object */ = {
			isa = PBXProject;
			attributes = {
				LastUpgradeCheck = 0620;
				ORGANIZATIONNAME = Johnson;
				TargetAttributes = {
					2CD68E241B43E37C005B7ADF = {
						CreatedOnToolsVersion = 6.2;
					};
					2CD68E3D1B43E37C005B7ADF = {
						CreatedOnToolsVersion = 6.2;
						TestTargetID = 2CD68E241B43E37C005B7ADF;
					};
				};
			};
			buildConfigurationList = 2CD68E201B43E37C005B7ADF /* Build configuration list for PBXProject "QR Code" */;
			compatibilityVersion = "Xcode 3.2";
			developmentRegion = English;
			hasScannedForEncodings = 0;
			knownRegions = (
				en,
				Base,
			);
			mainGroup = 2CD68E1C1B43E37C005B7ADF;
			productRefGroup = 2CD68E261B43E37C005B7ADF /* Products */;
			projectDirPath = "";
			projectRoot = "";
			targets = (
				2CD68E241B43E37C005B7ADF /* QR Code */,
				2CD68E3D1B43E37C005B7ADF /* QR CodeTests */,
			);
		};
/* End PBXProject section */

/* Begin PBXResourcesBuildPhase section */
		2CD68E231B43E37C005B7ADF /* Resources */ = {
			isa = PBXResourcesBuildPhase;
			buildActionMask = 2147483647;
			files = (
				2CD68E341B43E37C005B7ADF /* Main.storyboard in Resources */,
				2CD68E391B43E37C005B7ADF /* LaunchScreen.xib in Resources */,
				2CD68E361B43E37C005B7ADF /* Images.xcassets in Resources */,
			);
			runOnlyForDeploymentPostprocessing = 0;
		};
		2CD68E3C1B43E37C005B7ADF /* Resources */ = {
			isa = PBXResourcesBuildPhase;
			buildActionMask = 2147483647;
			files = (
			);
			runOnlyForDeploymentPostprocessing = 0;
		};
/* End PBXResourcesBuildPhase section */

/* Begin PBXSourcesBuildPhase section */
		2CD68E211B43E37C005B7ADF /* Sources */ = {
			isa = PBXSourcesBuildPhase;
			buildActionMask = 2147483647;
			files = (
				2CD68E6D1B43E38A005B7ADF /* split.c in Sources */,
				2CD68E661B43E38A005B7ADF /* mask.c in Sources */,
				2CD68E311B43E37C005B7ADF /* ViewController.m in Sources */,
				2CD68E2E1B43E37C005B7ADF /* AppDelegate.m in Sources */,
				2CD68E6C1B43E38A005B7ADF /* rscode.c in Sources */,
				2CD68E6B1B43E38A005B7ADF /* qrspec.c in Sources */,
				2CD68E671B43E38A005B7ADF /* mmask.c in Sources */,
				2CD68E691B43E38A005B7ADF /* qrencode.c in Sources */,
				2CD68E6A1B43E38A005B7ADF /* qrinput.c in Sources */,
				2CD68E2B1B43E37C005B7ADF /* main.m in Sources */,
				2CD68E651B43E38A005B7ADF /* bitstream.c in Sources */,
				2CD68E681B43E38A005B7ADF /* mqrspec.c in Sources */,
				2CD68E6E1B43E38A005B7ADF /* QRCodeGenerator.m in Sources */,
			);
			runOnlyForDeploymentPostprocessing = 0;
		};
		2CD68E3A1B43E37C005B7ADF /* Sources */ = {
			isa = PBXSourcesBuildPhase;
			buildActionMask = 2147483647;
			files = (
				2CD68E451B43E37C005B7ADF /* QR_CodeTests.m in Sources */,
			);
			runOnlyForDeploymentPostprocessing = 0;
		};
/* End PBXSourcesBuildPhase section */

/* Begin PBXTargetDependency section */
		2CD68E401B43E37C005B7ADF /* PBXTargetDependency */ = {
			isa = PBXTargetDependency;
			target = 2CD68E241B43E37C005B7ADF /* QR Code */;
			targetProxy = 2CD68E3F1B43E37C005B7ADF /* PBXContainerItemProxy */;
		};
/* End PBXTargetDependency section */

/* Begin PBXVariantGroup section */
		2CD68E321B43E37C005B7ADF /* Main.storyboard */ = {
			isa = PBXVariantGroup;
			children = (
				2CD68E331B43E37C005B7ADF /* Base */,
			);
			name = Main.storyboard;
			sourceTree = "<group>";
		};
		2CD68E371B43E37C005B7ADF /* LaunchScreen.xib */ = {
			isa = PBXVariantGroup;
			children = (
				2CD68E381B43E37C005B7ADF /* Base */,
			);
			name = LaunchScreen.xib;
			sourceTree = "<group>";
		};
/* End PBXVariantGroup section */

/* Begin XCBuildConfiguration section */
		2CD68E461B43E37C005B7ADF /* Debug */ = {
			isa = XCBuildConfiguration;
			buildSettings = {
				ALWAYS_SEARCH_USER_PATHS = NO;
				CLANG_CXX_LANGUAGE_STANDARD = "gnu++0x";
				CLANG_CXX_LIBRARY = "libc++";
				CLANG_ENABLE_MODULES = YES;
				CLANG_ENABLE_OBJC_ARC = YES;
				CLANG_WARN_BOOL_CONVERSION = YES;
				CLANG_WARN_CONSTANT_CONVERSION = YES;
				CLANG_WARN_DIRECT_OBJC_ISA_USAGE = YES_ERROR;
				CLANG_WARN_EMPTY_BODY = YES;
				CLANG_WARN_ENUM_CONVERSION = YES;
				CLANG_WARN_INT_CONVERSION = YES;
				CLANG_WARN_OBJC_ROOT_CLASS = YES_ERROR;
				CLANG_WARN_UNREACHABLE_CODE = YES;
				CLANG_WARN__DUPLICATE_METHOD_MATCH = YES;
				"CODE_SIGN_IDENTITY[sdk=iphoneos*]" = "iPhone Developer";
				COPY_PHASE_STRIP = NO;
				ENABLE_STRICT_OBJC_MSGSEND = YES;
				GCC_C_LANGUAGE_STANDARD = gnu99;
				GCC_DYNAMIC_NO_PIC = NO;
				GCC_OPTIMIZATION_LEVEL = 0;
				GCC_PREPROCESSOR_DEFINITIONS = (
					"DEBUG=1",
					"$(inherited)",
				);
				GCC_SYMBOLS_PRIVATE_EXTERN = NO;
				GCC_WARN_64_TO_32_BIT_CONVERSION = YES;
				GCC_WARN_ABOUT_RETURN_TYPE = YES_ERROR;
				GCC_WARN_UNDECLARED_SELECTOR = YES;
				GCC_WARN_UNINITIALIZED_AUTOS = YES_AGGRESSIVE;
				GCC_WARN_UNUSED_FUNCTION = YES;
				GCC_WARN_UNUSED_VARIABLE = YES;
				IPHONEOS_DEPLOYMENT_TARGET = 8.2;
				MTL_ENABLE_DEBUG_INFO = YES;
				ONLY_ACTIVE_ARCH = YES;
				SDKROOT = iphoneos;
			};
			name = Debug;
		};
		2CD68E471B43E37C005B7ADF /* Release */ = {
			isa = XCBuildConfiguration;
			buildSettings = {
				ALWAYS_SEARCH_USER_PATHS = NO;
				CLANG_CXX_LANGUAGE_STANDARD = "gnu++0x";
				CLANG_CXX_LIBRARY = "libc++";
				CLANG_ENABLE_MODULES = YES;
				CLANG_ENABLE_OBJC_ARC = YES;
				CLANG_WARN_BOOL_CONVERSION = YES;
				CLANG_WARN_CONSTANT_CONVERSION = YES;
				CLANG_WARN_DIRECT_OBJC_ISA_USAGE = YES_ERROR;
				CLANG_WARN_EMPTY_BODY = YES;
				CLANG_WARN_ENUM_CONVERSION = YES;
				CLANG_WARN_INT_CONVERSION = YES;
				CLANG_WARN_OBJC_ROOT_CLASS = YES_ERROR;
				CLANG_WARN_UNREACHABLE_CODE = YES;
				CLANG_WARN__DUPLICATE_METHOD_MATCH = YES;
				"CODE_SIGN_IDENTITY[sdk=iphoneos*]" = "iPhone Developer";
				COPY_PHASE_STRIP = NO;
				ENABLE_NS_ASSERTIONS = NO;
				ENABLE_STRICT_OBJC_MSGSEND = YES;
				GCC_C_LANGUAGE_STANDARD = gnu99;
				GCC_WARN_64_TO_32_BIT_CONVERSION = YES;
				GCC_WARN_ABOUT_RETURN_TYPE = YES_ERROR;
				GCC_WARN_UNDECLARED_SELECTOR = YES;
				GCC_WARN_UNINITIALIZED_AUTOS = YES_AGGRESSIVE;
				GCC_WARN_UNUSED_FUNCTION = YES;
				GCC_WARN_UNUSED_VARIABLE = YES;
				IPHONEOS_DEPLOYMENT_TARGET = 8.2;
				MTL_ENABLE_DEBUG_INFO = NO;
				SDKROOT = iphoneos;
				VALIDATE_PRODUCT = YES;
			};
			name = Release;
		};
		2CD68E491B43E37C005B7ADF /* Debug */ = {
			isa = XCBuildConfiguration;
			buildSettings = {
				ASSETCATALOG_COMPILER_APPICON_NAME = AppIcon;
				INFOPLIST_FILE = "QR Code/Info.plist";
				LD_RUNPATH_SEARCH_PATHS = "$(inherited) @executable_path/Frameworks";
				PRODUCT_NAME = "$(TARGET_NAME)";
			};
			name = Debug;
		};
		2CD68E4A1B43E37C005B7ADF /* Release */ = {
			isa = XCBuildConfiguration;
			buildSettings = {
				ASSETCATALOG_COMPILER_APPICON_NAME = AppIcon;
				INFOPLIST_FILE = "QR Code/Info.plist";
				LD_RUNPATH_SEARCH_PATHS = "$(inherited) @executable_path/Frameworks";
				PRODUCT_NAME = "$(TARGET_NAME)";
			};
			name = Release;
		};
		2CD68E4C1B43E37C005B7ADF /* Debug */ = {
			isa = XCBuildConfiguration;
			buildSettings = {
				BUNDLE_LOADER = "$(TEST_HOST)";
				FRAMEWORK_SEARCH_PATHS = (
					"$(SDKROOT)/Developer/Library/Frameworks",
					"$(inherited)",
				);
				GCC_PREPROCESSOR_DEFINITIONS = (
					"DEBUG=1",
					"$(inherited)",
				);
				INFOPLIST_FILE = "QR CodeTests/Info.plist";
				LD_RUNPATH_SEARCH_PATHS = "$(inherited) @executable_path/Frameworks @loader_path/Frameworks";
				PRODUCT_NAME = "$(TARGET_NAME)";
				TEST_HOST = "$(BUILT_PRODUCTS_DIR)/QR Code.app/QR Code";
			};
			name = Debug;
		};
		2CD68E4D1B43E37C005B7ADF /* Release */ = {
			isa = XCBuildConfiguration;
			buildSettings = {
				BUNDLE_LOADER = "$(TEST_HOST)";
				FRAMEWORK_SEARCH_PATHS = (
					"$(SDKROOT)/Developer/Library/Frameworks",
					"$(inherited)",
				);
				INFOPLIST_FILE = "QR CodeTests/Info.plist";
				LD_RUNPATH_SEARCH_PATHS = "$(inherited) @executable_path/Frameworks @loader_path/Frameworks";
				PRODUCT_NAME = "$(TARGET_NAME)";
				TEST_HOST = "$(BUILT_PRODUCTS_DIR)/QR Code.app/QR Code";
			};
			name = Release;
		};
/* End XCBuildConfiguration section */

/* Begin XCConfigurationList section */
		2CD68E201B43E37C005B7ADF /* Build configuration list for PBXProject "QR Code" */ = {
			isa = XCConfigurationList;
			buildConfigurations = (
				2CD68E461B43E37C005B7ADF /* Debug */,
				2CD68E471B43E37C005B7ADF /* Release */,
			);
			defaultConfigurationIsVisible = 0;
			defaultConfigurationName = Release;
		};
		2CD68E481B43E37C005B7ADF /* Build configuration list for PBXNativeTarget "QR Code" */ = {
			isa = XCConfigurationList;
			buildConfigurations = (
				2CD68E491B43E37C005B7ADF /* Debug */,
				2CD68E4A1B43E37C005B7ADF /* Release */,
			);
			defaultConfigurationIsVisible = 0;
		};
		2CD68E4B1B43E37C005B7ADF /* Build configuration list for PBXNativeTarget "QR CodeTests" */ = {
			isa = XCConfigurationList;
			buildConfigurations = (
				2CD68E4C1B43E37C005B7ADF /* Debug */,
				2CD68E4D1B43E37C005B7ADF /* Release */,
			);
			defaultConfigurationIsVisible = 0;
		};
/* End XCConfigurationList section */
	};
	rootObject = 2CD68E1D1B43E37C005B7ADF /* Project object */;
}
